
Microsoft Visual Studio Solution File, Format Version 12.00
# Visual Studio Version 16
VisualStudioVersion = 16.0.29519.181
MinimumVisualStudioVersion = 10.0.40219.1
Project("{9A19103F-16F7-4668-BE54-9A1E7A4F7556}") = "BitwiseRole", "BitwiseRole\BitwiseRole.csproj", "{8B233214-3DDD-449D-86F1-00D436669BFE}"
EndProject
Project("{9A19103F-16F7-4668-BE54-9A1E7A4F7556}") = "DB", "DB\DB.csproj", "{06E0474C-4B0A-4D4B-93C7-5EA4FAD794B2}"
EndProject
Project("{FAE04EC0-301F-11D3-BF4B-00C04F79EFBC}") = "Repository", "Repository\Repository.csproj", "{22A248F5-5971-49D4-96C2-D9B88478D960}"
EndProject
Project("{FAE04EC0-301F-11D3-BF4B-00C04F79EFBC}") = "Models", "Models\Models.csproj", "{0E736CC4-8ABF-4423-B160-49E61921569F}"
EndProject
Project("{FAE04EC0-301F-11D3-BF4B-00C04F79EFBC}") = "Services", "Services\Services.csproj", "{5635A259-92C8-4136-B5D4-7A4C021D1605}"
EndProject
Project("{FAE04EC0-301F-11D3-BF4B-00C04F79EFBC}") = "Core", "Core\Core.csproj", "{C9C59951-B464-46F0-B822-14FAE3AD388D}"
EndProject
Project("{FAE04EC0-301F-11D3-BF4B-00C04F79EFBC}") = "bitwiseDeneme", "bitwiseDeneme\bitwiseDeneme.csproj", "{6E0F8B99-5EE8-494E-89A0-94171F1FE4D7}"
EndProject
Global
	GlobalSection(SolutionConfigurationPlatforms) = preSolution
		Debug|Any CPU = Debug|Any CPU
		Release|Any CPU = Release|Any CPU
	EndGlobalSection
	GlobalSection(ProjectConfigurationPlatforms) = postSolution
		{8B233214-3DDD-449D-86F1-00D436669BFE}.Debug|Any CPU.ActiveCfg = Debug|Any CPU
		{8B233214-3DDD-449D-86F1-00D436669BFE}.Debug|Any CPU.Build.0 = Debug|Any CPU
		{8B233214-3DDD-449D-86F1-00D436669BFE}.Release|Any CPU.ActiveCfg = Release|Any CPU
		{8B233214-3DDD-449D-86F1-00D436669BFE}.Release|Any CPU.Build.0 = Release|Any CPU
		{06E0474C-4B0A-4D4B-93C7-5EA4FAD794B2}.Debug|Any CPU.ActiveCfg = Debug|Any CPU
		{06E0474C-4B0A-4D4B-93C7-5EA4FAD794B2}.Debug|Any CPU.Build.0 = Debug|Any CPU
		{06E0474C-4B0A-4D4B-93C7-5EA4FAD794B2}.Release|Any CPU.ActiveCfg = Release|Any CPU
		{06E0474C-4B0A-4D4B-93C7-5EA4FAD794B2}.Release|Any CPU.Build.0 = Release|Any CPU
		{22A248F5-5971-49D4-96C2-D9B88478D960}.Debug|Any CPU.ActiveCfg = Debug|Any CPU
		{22A248F5-5971-49D4-96C2-D9B88478D960}.Debug|Any CPU.Build.0 = Debug|Any CPU
		{22A248F5-5971-49D4-96C2-D9B88478D960}.Release|Any CPU.ActiveCfg = Release|Any CPU
		{22A248F5-5971-49D4-96C2-D9B88478D960}.Release|Any CPU.Build.0 = Release|Any CPU
		{0E736CC4-8ABF-4423-B160-49E61921569F}.Debug|Any CPU.ActiveCfg = Debug|Any CPU
		{0E736CC4-8ABF-4423-B160-49E61921569F}.Debug|Any CPU.Build.0 = Debug|Any CPU
		{0E736CC4-8ABF-4423-B160-49E61921569F}.Release|Any CPU.ActiveCfg = Release|Any CPU
		{0E736CC4-8ABF-4423-B160-49E61921569F}.Release|Any CPU.Build.0 = Release|Any CPU
		{5635A259-92C8-4136-B5D4-7A4C021D1605}.Debug|Any CPU.ActiveCfg = Debug|Any CPU
		{5635A259-92C8-4136-B5D4-7A4C021D1605}.Debug|Any CPU.Build.0 = Debug|Any CPU
		{5635A259-92C8-4136-B5D4-7A4C021D1605}.Release|Any CPU.ActiveCfg = Release|Any CPU
		{5635A259-92C8-4136-B5D4-7A4C021D1605}.Release|Any CPU.Build.0 = Release|Any CPU
		{C9C59951-B464-46F0-B822-14FAE3AD388D}.Debug|Any CPU.ActiveCfg = Debug|Any CPU
		{C9C59951-B464-46F0-B822-14FAE3AD388D}.Debug|Any CPU.Build.0 = Debug|Any CPU
		{C9C59951-B464-46F0-B822-14FAE3AD388D}.Release|Any CPU.ActiveCfg = Release|Any CPU
		{C9C59951-B464-46F0-B822-14FAE3AD388D}.Release|Any CPU.Build.0 = Release|Any CPU
		{6E0F8B99-5EE8-494E-89A0-94171F1FE4D7}.Debug|Any CPU.ActiveCfg = Debug|Any CPU
		{6E0F8B99-5EE8-494E-89A0-94171F1FE4D7}.Debug|Any CPU.Build.0 = Debug|Any CPU
		{6E0F8B99-5EE8-494E-89A0-94171F1FE4D7}.Release|Any CPU.ActiveCfg = Release|Any CPU
		{6E0F8B99-5EE8-494E-89A0-94171F1FE4D7}.Release|Any CPU.Build.0 = Release|Any CPU
	EndGlobalSection
	GlobalSection(SolutionProperties) = preSolution
		HideSolutionNode = FALSE
	EndGlobalSection
	GlobalSection(ExtensibilityGlobals) = postSolution
		SolutionGuid = {1C7CCA17-E0B3-4FBF-9182-F33274226ED7}
	EndGlobalSection
EndGlobal
